
Microsoft Visual Studio Solution File, Format Version 12.00
# Visual Studio 15
VisualStudioVersion = 15.0.26430.16
MinimumVisualStudioVersion = 10.0.40219.1
Project("{D954291E-2A0B-460D-934E-DC6B0785DB48}") = "TesteDrive", "TesteDrive\TesteDrive\TesteDrive.shproj", "{DE70D602-6C7B-4CC8-A448-D96122A2AFE9}"
EndProject
Project("{FAE04EC0-301F-11D3-BF4B-00C04F79EFBC}") = "TesteDrive.Android", "TesteDrive\TesteDrive.Android\TesteDrive.Android.csproj", "{0B2E1C03-B6AF-4A52-AD2F-94C21CCF58C1}"
EndProject
Global
	GlobalSection(SharedMSBuildProjectFiles) = preSolution
		TesteDrive\TesteDrive\TesteDrive.projitems*{0b2e1c03-b6af-4a52-ad2f-94c21ccf58c1}*SharedItemsImports = 4
		TesteDrive\TesteDrive\TesteDrive.projitems*{de70d602-6c7b-4cc8-a448-d96122a2afe9}*SharedItemsImports = 13
	EndGlobalSection
	GlobalSection(SolutionConfigurationPlatforms) = preSolution
		Ad-Hoc|Any CPU = Ad-Hoc|Any CPU
		Ad-Hoc|iPhone = Ad-Hoc|iPhone
		Ad-Hoc|iPhoneSimulator = Ad-Hoc|iPhoneSimulator
		AppStore|Any CPU = AppStore|Any CPU
		AppStore|iPhone = AppStore|iPhone
		AppStore|iPhoneSimulator = AppStore|iPhoneSimulator
		Debug|Any CPU = Debug|Any CPU
		Debug|iPhone = Debug|iPhone
		Debug|iPhoneSimulator = Debug|iPhoneSimulator
		Release|Any CPU = Release|Any CPU
		Release|iPhone = Release|iPhone
		Release|iPhoneSimulator = Release|iPhoneSimulator
	EndGlobalSection
	GlobalSection(ProjectConfigurationPlatforms) = postSolution
		{0B2E1C03-B6AF-4A52-AD2F-94C21CCF58C1}.Ad-Hoc|Any CPU.ActiveCfg = Release|Any CPU
		{0B2E1C03-B6AF-4A52-AD2F-94C21CCF58C1}.Ad-Hoc|Any CPU.Build.0 = Release|Any CPU
		{0B2E1C03-B6AF-4A52-AD2F-94C21CCF58C1}.Ad-Hoc|Any CPU.Deploy.0 = Release|Any CPU
		{0B2E1C03-B6AF-4A52-AD2F-94C21CCF58C1}.Ad-Hoc|iPhone.ActiveCfg = Release|Any CPU
		{0B2E1C03-B6AF-4A52-AD2F-94C21CCF58C1}.Ad-Hoc|iPhone.Build.0 = Release|Any CPU
		{0B2E1C03-B6AF-4A52-AD2F-94C21CCF58C1}.Ad-Hoc|iPhone.Deploy.0 = Release|Any CPU
		{0B2E1C03-B6AF-4A52-AD2F-94C21CCF58C1}.Ad-Hoc|iPhoneSimulator.ActiveCfg = Release|Any CPU
		{0B2E1C03-B6AF-4A52-AD2F-94C21CCF58C1}.Ad-Hoc|iPhoneSimulator.Build.0 = Release|Any CPU
		{0B2E1C03-B6AF-4A52-AD2F-94C21CCF58C1}.Ad-Hoc|iPhoneSimulator.Deploy.0 = Release|Any CPU
		{0B2E1C03-B6AF-4A52-AD2F-94C21CCF58C1}.AppStore|Any CPU.ActiveCfg = Release|Any CPU
		{0B2E1C03-B6AF-4A52-AD2F-94C21CCF58C1}.AppStore|Any CPU.Build.0 = Release|Any CPU
		{0B2E1C03-B6AF-4A52-AD2F-94C21CCF58C1}.AppStore|Any CPU.Deploy.0 = Release|Any CPU
		{0B2E1C03-B6AF-4A52-AD2F-94C21CCF58C1}.AppStore|iPhone.ActiveCfg = Release|Any CPU
		{0B2E1C03-B6AF-4A52-AD2F-94C21CCF58C1}.AppStore|iPhone.Build.0 = Release|Any CPU
		{0B2E1C03-B6AF-4A52-AD2F-94C21CCF58C1}.AppStore|iPhone.Deploy.0 = Release|Any CPU
		{0B2E1C03-B6AF-4A52-AD2F-94C21CCF58C1}.AppStore|iPhoneSimulator.ActiveCfg = Release|Any CPU
		{0B2E1C03-B6AF-4A52-AD2F-94C21CCF58C1}.AppStore|iPhoneSimulator.Build.0 = Release|Any CPU
		{0B2E1C03-B6AF-4A52-AD2F-94C21CCF58C1}.AppStore|iPhoneSimulator.Deploy.0 = Release|Any CPU
		{0B2E1C03-B6AF-4A52-AD2F-94C21CCF58C1}.Debug|Any CPU.ActiveCfg = Debug|Any CPU
		{0B2E1C03-B6AF-4A52-AD2F-94C21CCF58C1}.Debug|Any CPU.Build.0 = Debug|Any CPU
		{0B2E1C03-B6AF-4A52-AD2F-94C21CCF58C1}.Debug|Any CPU.Deploy.0 = Debug|Any CPU
		{0B2E1C03-B6AF-4A52-AD2F-94C21CCF58C1}.Debug|iPhone.ActiveCfg = Debug|Any CPU
		{0B2E1C03-B6AF-4A52-AD2F-94C21CCF58C1}.Debug|iPhone.Build.0 = Debug|Any CPU
		{0B2E1C03-B6AF-4A52-AD2F-94C21CCF58C1}.Debug|iPhone.Deploy.0 = Debug|Any CPU
		{0B2E1C03-B6AF-4A52-AD2F-94C21CCF58C1}.Debug|iPhoneSimulator.ActiveCfg = Debug|Any CPU
		{0B2E1C03-B6AF-4A52-AD2F-94C21CCF58C1}.Debug|iPhoneSimulator.Build.0 = Debug|Any CPU
		{0B2E1C03-B6AF-4A52-AD2F-94C21CCF58C1}.Debug|iPhoneSimulator.Deploy.0 = Debug|Any CPU
		{0B2E1C03-B6AF-4A52-AD2F-94C21CCF58C1}.Release|Any CPU.ActiveCfg = Release|Any CPU
		{0B2E1C03-B6AF-4A52-AD2F-94C21CCF58C1}.Release|Any CPU.Build.0 = Release|Any CPU
		{0B2E1C03-B6AF-4A52-AD2F-94C21CCF58C1}.Release|Any CPU.Deploy.0 = Release|Any CPU
		{0B2E1C03-B6AF-4A52-AD2F-94C21CCF58C1}.Release|iPhone.ActiveCfg = Release|Any CPU
		{0B2E1C03-B6AF-4A52-AD2F-94C21CCF58C1}.Release|iPhone.Build.0 = Release|Any CPU
		{0B2E1C03-B6AF-4A52-AD2F-94C21CCF58C1}.Release|iPhone.Deploy.0 = Release|Any CPU
		{0B2E1C03-B6AF-4A52-AD2F-94C21CCF58C1}.Release|iPhoneSimulator.ActiveCfg = Release|Any CPU
		{0B2E1C03-B6AF-4A52-AD2F-94C21CCF58C1}.Release|iPhoneSimulator.Build.0 = Release|Any CPU
		{0B2E1C03-B6AF-4A52-AD2F-94C21CCF58C1}.Release|iPhoneSimulator.Deploy.0 = Release|Any CPU
	EndGlobalSection
	GlobalSection(SolutionProperties) = preSolution
		HideSolutionNode = FALSE
	EndGlobalSection
EndGlobal
